
Microsoft Visual Studio Solution File, Format Version 12.00
# Visual Studio Version 17
VisualStudioVersion = 17.13.35931.197
MinimumVisualStudioVersion = 10.0.40219.1
Project("{FAE04EC0-301F-11D3-BF4B-00C04F79EFBC}") = "TournamentSystem", "TournamentSystem.csproj", "{085EDE2F-177F-45CA-AF24-C4A63F455D49}"
EndProject
Global
	GlobalSection(SolutionConfigurationPlatforms) = preSolution
		Debug|Any CPU = Debug|Any CPU
		Release|Any CPU = Release|Any CPU
	EndGlobalSection
	GlobalSection(ProjectConfigurationPlatforms) = postSolution
		{085EDE2F-177F-45CA-AF24-C4A63F455D49}.Debug|Any CPU.ActiveCfg = Debug|Any CPU
		{085EDE2F-177F-45CA-AF24-C4A63F455D49}.Debug|Any CPU.Build.0 = Debug|Any CPU
		{085EDE2F-177F-45CA-AF24-C4A63F455D49}.Release|Any CPU.ActiveCfg = Release|Any CPU
		{085EDE2F-177F-45CA-AF24-C4A63F455D49}.Release|Any CPU.Build.0 = Release|Any CPU
	EndGlobalSection
	GlobalSection(SolutionProperties) = preSolution
		HideSolutionNode = FALSE
	EndGlobalSection
	GlobalSection(ExtensibilityGlobals) = postSolution
		SolutionGuid = {DFF22F91-9683-4BD5-B517-2461C8934DE1}
	EndGlobalSection
EndGlobal
